{
  "version": 4,
  "terraform_version": "1.9.2",
  "serial": 3,
  "lineage": "d3d41344-d862-6242-3e88-63021cf4a4f9",
  "outputs": {
    "keyname": {
      "value": "key-tf",
      "type": "string"
    }
  },
  "resources": [
    {
      "mode": "managed",
      "type": "aws_key_pair",
      "name": "key-tf",
      "provider": "provider[\"registry.terraform.io/hashicorp/aws\"]",
      "instances": [
        {
          "schema_version": 1,
          "attributes": {
            "arn": "arn:aws:ec2:us-east-2:139851140005:key-pair/key-tf",
            "fingerprint": "53:18:d0:39:d3:b4:b4:f4:e4:a6:53:f5:df:56:fa:40",
            "id": "key-tf",
            "key_name": "key-tf",
            "key_name_prefix": "",
            "key_pair_id": "key-0322bccf1c6033f18",
            "key_type": "rsa",
            "public_key": "ssh-rsa AAAAB3NzaC1yc2EAAAADAQABAAABgQDaxW4qkh/628P3PM4uhzaUGTjsF4YMHLEeeXZj9TKAz0iQpdCI7221lk6h/eFYCLEgcp9ORsfhrlPN2dd8iNyQbtransOUtVgiiGgO8MthEY/PWfZNZk0y/FeUW6SCKYVn2oflcyMEurcnEBY8B2hp7J6910OyMFTzdhbSbu2Blf1ZasR0cnoVT0FMpfk7VhnRb9zsg9kZ6my+rRYbW0b36buossme6Vw4/5loX/MOtmdaF8IAN7LXb4B40pwANCPw2/6bjSbQm5fDCLcvpJ7OHge/kZ87Qt8YkyRHzoO6XT9oBup84RLcY/sKwrnPObS1v4Ra8Ar6gjncUDUJdhnih6EfDfB+cq0OunbIuUfy1KtaI43SKLl3graz57OpkxlBw3MjWZL9GbcySffiTEgz4RJcWZbMjxknDU6w7AMNmi0wgphj5PTUjbWm8YXfh5/BReavREI6k/ZtRPHnCk42aLK/xAL6tX2d1MGRx6wC9M6cAb2Bp4bys3+C0dgMG4M= basil@DESKTOP-OQB2KUV",
            "tags": null,
            "tags_all": {}
          },
          "sensitive_attributes": [],
          "private": "eyJzY2hlbWFfdmVyc2lvbiI6IjEifQ=="
        }
      ]
    }
  ],
  "check_results": null
}
